// !$*UTF8*$!
{
	archiveVersion = 1;
	classes = {
	};
	objectVersion = 55;
	objects = {

/* Begin PBXBuildFile section */
		2A5F6623D5A379176C1343CA /* Pods_Weather_app_With_api.framework in Frameworks */ = {isa = PBXBuildFile; fileRef = D9CC2CA82DAD7B8F6E4BC9A6 /* Pods_Weather_app_With_api.framework */; };
		FA97201A28BCFBEB00FDC39B /* AppDelegate.swift in Sources */ = {isa = PBXBuildFile; fileRef = FA97201928BCFBEB00FDC39B /* AppDelegate.swift */; };
		FA97201C28BCFBEB00FDC39B /* SceneDelegate.swift in Sources */ = {isa = PBXBuildFile; fileRef = FA97201B28BCFBEB00FDC39B /* SceneDelegate.swift */; };
		FA97201E28BCFBEB00FDC39B /* ViewController.swift in Sources */ = {isa = PBXBuildFile; fileRef = FA97201D28BCFBEB00FDC39B /* ViewController.swift */; };
		FA97202128BCFBEB00FDC39B /* Main.storyboard in Resources */ = {isa = PBXBuildFile; fileRef = FA97201F28BCFBEB00FDC39B /* Main.storyboard */; };
		FA97202428BCFBEB00FDC39B /* Weather_app_With_api.xcdatamodeld in Sources */ = {isa = PBXBuildFile; fileRef = FA97202228BCFBEB00FDC39B /* Weather_app_With_api.xcdatamodeld */; };
		FA97202628BCFBEE00FDC39B /* Assets.xcassets in Resources */ = {isa = PBXBuildFile; fileRef = FA97202528BCFBEE00FDC39B /* Assets.xcassets */; };
		FA97202928BCFBEE00FDC39B /* LaunchScreen.storyboard in Resources */ = {isa = PBXBuildFile; fileRef = FA97202728BCFBEE00FDC39B /* LaunchScreen.storyboard */; };
		FA97203128BD064200FDC39B /* ChangeCityVC.swift in Sources */ = {isa = PBXBuildFile; fileRef = FA97203028BD064200FDC39B /* ChangeCityVC.swift */; };
		FA97203328BD095000FDC39B /* City.swift in Sources */ = {isa = PBXBuildFile; fileRef = FA97203228BD095000FDC39B /* City.swift */; };
/* End PBXBuildFile section */

/* Begin PBXFileReference section */
		31CDDD4471B0551DF8E5567F /* Pods-Weather app With api.release.xcconfig */ = {isa = PBXFileReference; includeInIndex = 1; lastKnownFileType = text.xcconfig; name = "Pods-Weather app With api.release.xcconfig"; path = "Target Support Files/Pods-Weather app With api/Pods-Weather app With api.release.xcconfig"; sourceTree = "<group>"; };
		A720ECDC6E20809693020BCF /* Pods-Weather app With api.debug.xcconfig */ = {isa = PBXFileReference; includeInIndex = 1; lastKnownFileType = text.xcconfig; name = "Pods-Weather app With api.debug.xcconfig"; path = "Target Support Files/Pods-Weather app With api/Pods-Weather app With api.debug.xcconfig"; sourceTree = "<group>"; };
		D9CC2CA82DAD7B8F6E4BC9A6 /* Pods_Weather_app_With_api.framework */ = {isa = PBXFileReference; explicitFileType = wrapper.framework; includeInIndex = 0; path = Pods_Weather_app_With_api.framework; sourceTree = BUILT_PRODUCTS_DIR; };
		FA97201628BCFBEB00FDC39B /* Weather app With api.app */ = {isa = PBXFileReference; explicitFileType = wrapper.application; includeInIndex = 0; path = "Weather app With api.app"; sourceTree = BUILT_PRODUCTS_DIR; };
		FA97201928BCFBEB00FDC39B /* AppDelegate.swift */ = {isa = PBXFileReference; lastKnownFileType = sourcecode.swift; path = AppDelegate.swift; sourceTree = "<group>"; };
		FA97201B28BCFBEB00FDC39B /* SceneDelegate.swift */ = {isa = PBXFileReference; lastKnownFileType = sourcecode.swift; path = SceneDelegate.swift; sourceTree = "<group>"; };
		FA97201D28BCFBEB00FDC39B /* ViewController.swift */ = {isa = PBXFileReference; lastKnownFileType = sourcecode.swift; path = ViewController.swift; sourceTree = "<group>"; };
		FA97202028BCFBEB00FDC39B /* Base */ = {isa = PBXFileReference; lastKnownFileType = file.storyboard; name = Base; path = Base.lproj/Main.storyboard; sourceTree = "<group>"; };
		FA97202328BCFBEB00FDC39B /* Weather_app_With_api.xcdatamodel */ = {isa = PBXFileReference; lastKnownFileType = wrapper.xcdatamodel; path = Weather_app_With_api.xcdatamodel; sourceTree = "<group>"; };
		FA97202528BCFBEE00FDC39B /* Assets.xcassets */ = {isa = PBXFileReference; lastKnownFileType = folder.assetcatalog; path = Assets.xcassets; sourceTree = "<group>"; };
		FA97202828BCFBEE00FDC39B /* Base */ = {isa = PBXFileReference; lastKnownFileType = file.storyboard; name = Base; path = Base.lproj/LaunchScreen.storyboard; sourceTree = "<group>"; };
		FA97202A28BCFBEE00FDC39B /* Info.plist */ = {isa = PBXFileReference; lastKnownFileType = text.plist.xml; path = Info.plist; sourceTree = "<group>"; };
		FA97203028BD064200FDC39B /* ChangeCityVC.swift */ = {isa = PBXFileReference; lastKnownFileType = sourcecode.swift; path = ChangeCityVC.swift; sourceTree = "<group>"; };
		FA97203228BD095000FDC39B /* City.swift */ = {isa = PBXFileReference; lastKnownFileType = sourcecode.swift; path = City.swift; sourceTree = "<group>"; };
/* End PBXFileReference section */

/* Begin PBXFrameworksBuildPhase section */
		FA97201328BCFBEB00FDC39B /* Frameworks */ = {
			isa = PBXFrameworksBuildPhase;
			buildActionMask = 2147483647;
			files = (
				2A5F6623D5A379176C1343CA /* Pods_Weather_app_With_api.framework in Frameworks */,
			);
			runOnlyForDeploymentPostprocessing = 0;
		};
/* End PBXFrameworksBuildPhase section */

/* Begin PBXGroup section */
		6A11B6CFEFE823F4780FE088 /* Frameworks */ = {
			isa = PBXGroup;
			children = (
				D9CC2CA82DAD7B8F6E4BC9A6 /* Pods_Weather_app_With_api.framework */,
			);
			name = Frameworks;
			sourceTree = "<group>";
		};
		7573BB4D8622074AC2F1518E /* Pods */ = {
			isa = PBXGroup;
			children = (
				A720ECDC6E20809693020BCF /* Pods-Weather app With api.debug.xcconfig */,
				31CDDD4471B0551DF8E5567F /* Pods-Weather app With api.release.xcconfig */,
			);
			path = Pods;
			sourceTree = "<group>";
		};
		FA97200D28BCFBEB00FDC39B = {
			isa = PBXGroup;
			children = (
				FA97201828BCFBEB00FDC39B /* Weather app With api */,
				FA97201728BCFBEB00FDC39B /* Products */,
				7573BB4D8622074AC2F1518E /* Pods */,
				6A11B6CFEFE823F4780FE088 /* Frameworks */,
			);
			sourceTree = "<group>";
		};
		FA97201728BCFBEB00FDC39B /* Products */ = {
			isa = PBXGroup;
			children = (
				FA97201628BCFBEB00FDC39B /* Weather app With api.app */,
			);
			name = Products;
			sourceTree = "<group>";
		};
		FA97201828BCFBEB00FDC39B /* Weather app With api */ = {
			isa = PBXGroup;
			children = (
				FA97201928BCFBEB00FDC39B /* AppDelegate.swift */,
				FA97201B28BCFBEB00FDC39B /* SceneDelegate.swift */,
				FA97201D28BCFBEB00FDC39B /* ViewController.swift */,
				FA97201F28BCFBEB00FDC39B /* Main.storyboard */,
				FA97203028BD064200FDC39B /* ChangeCityVC.swift */,
				FA97203228BD095000FDC39B /* City.swift */,
				FA97202528BCFBEE00FDC39B /* Assets.xcassets */,
				FA97202728BCFBEE00FDC39B /* LaunchScreen.storyboard */,
				FA97202A28BCFBEE00FDC39B /* Info.plist */,
				FA97202228BCFBEB00FDC39B /* Weather_app_With_api.xcdatamodeld */,
			);
			path = "Weather app With api";
			sourceTree = "<group>";
		};
/* End PBXGroup section */

/* Begin PBXNativeTarget section */
		FA97201528BCFBEB00FDC39B /* Weather app With api */ = {
			isa = PBXNativeTarget;
			buildConfigurationList = FA97202D28BCFBEE00FDC39B /* Build configuration list for PBXNativeTarget "Weather app With api" */;
			buildPhases = (
				DBEA36E15A704FFA0F2D89D6 /* [CP] Check Pods Manifest.lock */,
				FA97201228BCFBEB00FDC39B /* Sources */,
				FA97201328BCFBEB00FDC39B /* Frameworks */,
				FA97201428BCFBEB00FDC39B /* Resources */,
				805B698410C692A7379B909D /* [CP] Embed Pods Frameworks */,
			);
			buildRules = (
			);
			dependencies = (
			);
			name = "Weather app With api";
			productName = "Weather app With api";
			productReference = FA97201628BCFBEB00FDC39B /* Weather app With api.app */;
			productType = "com.apple.product-type.application";
		};
/* End PBXNativeTarget section */

/* Begin PBXProject section */
		FA97200E28BCFBEB00FDC39B /* Project object */ = {
			isa = PBXProject;
			attributes = {
				BuildIndependentTargetsInParallel = 1;
				LastSwiftUpdateCheck = 1340;
				LastUpgradeCheck = 1340;
				TargetAttributes = {
					FA97201528BCFBEB00FDC39B = {
						CreatedOnToolsVersion = 13.4.1;
					};
				};
			};
			buildConfigurationList = FA97201128BCFBEB00FDC39B /* Build configuration list for PBXProject "Weather app With api" */;
			compatibilityVersion = "Xcode 13.0";
			developmentRegion = en;
			hasScannedForEncodings = 0;
			knownRegions = (
				en,
				Base,
			);
			mainGroup = FA97200D28BCFBEB00FDC39B;
			productRefGroup = FA97201728BCFBEB00FDC39B /* Products */;
			projectDirPath = "";
			projectRoot = "";
			targets = (
				FA97201528BCFBEB00FDC39B /* Weather app With api */,
			);
		};
/* End PBXProject section */

/* Begin PBXResourcesBuildPhase section */
		FA97201428BCFBEB00FDC39B /* Resources */ = {
			isa = PBXResourcesBuildPhase;
			buildActionMask = 2147483647;
			files = (
				FA97202928BCFBEE00FDC39B /* LaunchScreen.storyboard in Resources */,
				FA97202628BCFBEE00FDC39B /* Assets.xcassets in Resources */,
				FA97202128BCFBEB00FDC39B /* Main.storyboard in Resources */,
			);
			runOnlyForDeploymentPostprocessing = 0;
		};
/* End PBXResourcesBuildPhase section */

/* Begin PBXShellScriptBuildPhase section */
		805B698410C692A7379B909D /* [CP] Embed Pods Frameworks */ = {
			isa = PBXShellScriptBuildPhase;
			buildActionMask = 2147483647;
			files = (
			);
			inputFileListPaths = (
				"${PODS_ROOT}/Target Support Files/Pods-Weather app With api/Pods-Weather app With api-frameworks-${CONFIGURATION}-input-files.xcfilelist",
			);
			name = "[CP] Embed Pods Frameworks";
			outputFileListPaths = (
				"${PODS_ROOT}/Target Support Files/Pods-Weather app With api/Pods-Weather app With api-frameworks-${CONFIGURATION}-output-files.xcfilelist",
			);
			runOnlyForDeploymentPostprocessing = 0;
			shellPath = /bin/sh;
			shellScript = "\"${PODS_ROOT}/Target Support Files/Pods-Weather app With api/Pods-Weather app With api-frameworks.sh\"\n";
			showEnvVarsInLog = 0;
		};
		DBEA36E15A704FFA0F2D89D6 /* [CP] Check Pods Manifest.lock */ = {
			isa = PBXShellScriptBuildPhase;
			buildActionMask = 2147483647;
			files = (
			);
			inputFileListPaths = (
			);
			inputPaths = (
				"${PODS_PODFILE_DIR_PATH}/Podfile.lock",
				"${PODS_ROOT}/Manifest.lock",
			);
			name = "[CP] Check Pods Manifest.lock";
			outputFileListPaths = (
			);
			outputPaths = (
				"$(DERIVED_FILE_DIR)/Pods-Weather app With api-checkManifestLockResult.txt",
			);
			runOnlyForDeploymentPostprocessing = 0;
			shellPath = /bin/sh;
			shellScript = "diff \"${PODS_PODFILE_DIR_PATH}/Podfile.lock\" \"${PODS_ROOT}/Manifest.lock\" > /dev/null\nif [ $? != 0 ] ; then\n    # print error to STDERR\n    echo \"error: The sandbox is not in sync with the Podfile.lock. Run 'pod install' or update your CocoaPods installation.\" >&2\n    exit 1\nfi\n# This output is used by Xcode 'outputs' to avoid re-running this script phase.\necho \"SUCCESS\" > \"${SCRIPT_OUTPUT_FILE_0}\"\n";
			showEnvVarsInLog = 0;
		};
/* End PBXShellScriptBuildPhase section */

/* Begin PBXSourcesBuildPhase section */
		FA97201228BCFBEB00FDC39B /* Sources */ = {
			isa = PBXSourcesBuildPhase;
			buildActionMask = 2147483647;
			files = (
				FA97203128BD064200FDC39B /* ChangeCityVC.swift in Sources */,
				FA97201E28BCFBEB00FDC39B /* ViewController.swift in Sources */,
				FA97203328BD095000FDC39B /* City.swift in Sources */,
				FA97201A28BCFBEB00FDC39B /* AppDelegate.swift in Sources */,
				FA97201C28BCFBEB00FDC39B /* SceneDelegate.swift in Sources */,
				FA97202428BCFBEB00FDC39B /* Weather_app_With_api.xcdatamodeld in Sources */,
			);
			runOnlyForDeploymentPostprocessing = 0;
		};
/* End PBXSourcesBuildPhase section */

/* Begin PBXVariantGroup section */
		FA97201F28BCFBEB00FDC39B /* Main.storyboard */ = {
			isa = PBXVariantGroup;
			children = (
				FA97202028BCFBEB00FDC39B /* Base */,
			);
			name = Main.storyboard;
			sourceTree = "<group>";
		};
		FA97202728BCFBEE00FDC39B /* LaunchScreen.storyboard */ = {
			isa = PBXVariantGroup;
			children = (
				FA97202828BCFBEE00FDC39B /* Base */,
			);
			name = LaunchScreen.storyboard;
			sourceTree = "<group>";
		};
/* End PBXVariantGroup section */

/* Begin XCBuildConfiguration section */
		FA97202B28BCFBEE00FDC39B /* Debug */ = {
			isa = XCBuildConfiguration;
			buildSettings = {
				ALWAYS_SEARCH_USER_PATHS = NO;
				CLANG_ANALYZER_NONNULL = YES;
				CLANG_ANALYZER_NUMBER_OBJECT_CONVERSION = YES_AGGRESSIVE;
				CLANG_CXX_LANGUAGE_STANDARD = "gnu++17";
				CLANG_ENABLE_MODULES = YES;
				CLANG_ENABLE_OBJC_ARC = YES;
				CLANG_ENABLE_OBJC_WEAK = YES;
				CLANG_WARN_BLOCK_CAPTURE_AUTORELEASING = YES;
				CLANG_WARN_BOOL_CONVERSION = YES;
				CLANG_WARN_COMMA = YES;
				CLANG_WARN_CONSTANT_CONVERSION = YES;
				CLANG_WARN_DEPRECATED_OBJC_IMPLEMENTATIONS = YES;
				CLANG_WARN_DIRECT_OBJC_ISA_USAGE = YES_ERROR;
				CLANG_WARN_DOCUMENTATION_COMMENTS = YES;
				CLANG_WARN_EMPTY_BODY = YES;
				CLANG_WARN_ENUM_CONVERSION = YES;
				CLANG_WARN_INFINITE_RECURSION = YES;
				CLANG_WARN_INT_CONVERSION = YES;
				CLANG_WARN_NON_LITERAL_NULL_CONVERSION = YES;
				CLANG_WARN_OBJC_IMPLICIT_RETAIN_SELF = YES;
				CLANG_WARN_OBJC_LITERAL_CONVERSION = YES;
				CLANG_WARN_OBJC_ROOT_CLASS = YES_ERROR;
				CLANG_WARN_QUOTED_INCLUDE_IN_FRAMEWORK_HEADER = YES;
				CLANG_WARN_RANGE_LOOP_ANALYSIS = YES;
				CLANG_WARN_STRICT_PROTOTYPES = YES;
				CLANG_WARN_SUSPICIOUS_MOVE = YES;
				CLANG_WARN_UNGUARDED_AVAILABILITY = YES_AGGRESSIVE;
				CLANG_WARN_UNREACHABLE_CODE = YES;
				CLANG_WARN__DUPLICATE_METHOD_MATCH = YES;
				COPY_PHASE_STRIP = NO;
				DEBUG_INFORMATION_FORMAT = dwarf;
				ENABLE_STRICT_OBJC_MSGSEND = YES;
				ENABLE_TESTABILITY = YES;
				GCC_C_LANGUAGE_STANDARD = gnu11;
				GCC_DYNAMIC_NO_PIC = NO;
				GCC_NO_COMMON_BLOCKS = YES;
				GCC_OPTIMIZATION_LEVEL = 0;
				GCC_PREPROCESSOR_DEFINITIONS = (
					"DEBUG=1",
					"$(inherited)",
				);
				GCC_WARN_64_TO_32_BIT_CONVERSION = YES;
				GCC_WARN_ABOUT_RETURN_TYPE = YES_ERROR;
				GCC_WARN_UNDECLARED_SELECTOR = YES;
				GCC_WARN_UNINITIALIZED_AUTOS = YES_AGGRESSIVE;
				GCC_WARN_UNUSED_FUNCTION = YES;
				GCC_WARN_UNUSED_VARIABLE = YES;
				IPHONEOS_DEPLOYMENT_TARGET = 15.5;
				MTL_ENABLE_DEBUG_INFO = INCLUDE_SOURCE;
				MTL_FAST_MATH = YES;
				ONLY_ACTIVE_ARCH = YES;
				SDKROOT = iphoneos;
				SWIFT_ACTIVE_COMPILATION_CONDITIONS = DEBUG;
				SWIFT_OPTIMIZATION_LEVEL = "-Onone";
			};
			name = Debug;
		};
		FA97202C28BCFBEE00FDC39B /* Release */ = {
			isa = XCBuildConfiguration;
			buildSettings = {
				ALWAYS_SEARCH_USER_PATHS = NO;
				CLANG_ANALYZER_NONNULL = YES;
				CLANG_ANALYZER_NUMBER_OBJECT_CONVERSION = YES_AGGRESSIVE;
				CLANG_CXX_LANGUAGE_STANDARD = "gnu++17";
				CLANG_ENABLE_MODULES = YES;
				CLANG_ENABLE_OBJC_ARC = YES;
				CLANG_ENABLE_OBJC_WEAK = YES;
				CLANG_WARN_BLOCK_CAPTURE_AUTORELEASING = YES;
				CLANG_WARN_BOOL_CONVERSION = YES;
				CLANG_WARN_COMMA = YES;
				CLANG_WARN_CONSTANT_CONVERSION = YES;
				CLANG_WARN_DEPRECATED_OBJC_IMPLEMENTATIONS = YES;
				CLANG_WARN_DIRECT_OBJC_ISA_USAGE = YES_ERROR;
				CLANG_WARN_DOCUMENTATION_COMMENTS = YES;
				CLANG_WARN_EMPTY_BODY = YES;
				CLANG_WARN_ENUM_CONVERSION = YES;
				CLANG_WARN_INFINITE_RECURSION = YES;
				CLANG_WARN_INT_CONVERSION = YES;
				CLANG_WARN_NON_LITERAL_NULL_CONVERSION = YES;
				CLANG_WARN_OBJC_IMPLICIT_RETAIN_SELF = YES;
				CLANG_WARN_OBJC_LITERAL_CONVERSION = YES;
				CLANG_WARN_OBJC_ROOT_CLASS = YES_ERROR;
				CLANG_WARN_QUOTED_INCLUDE_IN_FRAMEWORK_HEADER = YES;
				CLANG_WARN_RANGE_LOOP_ANALYSIS = YES;
				CLANG_WARN_STRICT_PROTOTYPES = YES;
				CLANG_WARN_SUSPICIOUS_MOVE = YES;
				CLANG_WARN_UNGUARDED_AVAILABILITY = YES_AGGRESSIVE;
				CLANG_WARN_UNREACHABLE_CODE = YES;
				CLANG_WARN__DUPLICATE_METHOD_MATCH = YES;
				COPY_PHASE_STRIP = NO;
				DEBUG_INFORMATION_FORMAT = "dwarf-with-dsym";
				ENABLE_NS_ASSERTIONS = NO;
				ENABLE_STRICT_OBJC_MSGSEND = YES;
				GCC_C_LANGUAGE_STANDARD = gnu11;
				GCC_NO_COMMON_BLOCKS = YES;
				GCC_WARN_64_TO_32_BIT_CONVERSION = YES;
				GCC_WARN_ABOUT_RETURN_TYPE = YES_ERROR;
				GCC_WARN_UNDECLARED_SELECTOR = YES;
				GCC_WARN_UNINITIALIZED_AUTOS = YES_AGGRESSIVE;
				GCC_WARN_UNUSED_FUNCTION = YES;
				GCC_WARN_UNUSED_VARIABLE = YES;
				IPHONEOS_DEPLOYMENT_TARGET = 15.5;
				MTL_ENABLE_DEBUG_INFO = NO;
				MTL_FAST_MATH = YES;
				SDKROOT = iphoneos;
				SWIFT_COMPILATION_MODE = wholemodule;
				SWIFT_OPTIMIZATION_LEVEL = "-O";
				VALIDATE_PRODUCT = YES;
			};
			name = Release;
		};
		FA97202E28BCFBEE00FDC39B /* Debug */ = {
			isa = XCBuildConfiguration;
			baseConfigurationReference = A720ECDC6E20809693020BCF /* Pods-Weather app With api.debug.xcconfig */;
			buildSettings = {
				ASSETCATALOG_COMPILER_APPICON_NAME = AppIcon;
				ASSETCATALOG_COMPILER_GLOBAL_ACCENT_COLOR_NAME = AccentColor;
				CODE_SIGN_STYLE = Automatic;
				CURRENT_PROJECT_VERSION = 1;
				GENERATE_INFOPLIST_FILE = YES;
				INFOPLIST_FILE = "Weather app With api/Info.plist";
				INFOPLIST_KEY_UIApplicationSupportsIndirectInputEvents = YES;
				INFOPLIST_KEY_UILaunchStoryboardName = LaunchScreen;
				INFOPLIST_KEY_UIMainStoryboardFile = Main;
				INFOPLIST_KEY_UISupportedInterfaceOrientations_iPad = "UIInterfaceOrientationPortrait UIInterfaceOrientationPortraitUpsideDown UIInterfaceOrientationLandscapeLeft UIInterfaceOrientationLandscapeRight";
				INFOPLIST_KEY_UISupportedInterfaceOrientations_iPhone = "UIInterfaceOrientationPortrait UIInterfaceOrientationLandscapeLeft UIInterfaceOrientationLandscapeRight";
				LD_RUNPATH_SEARCH_PATHS = (
					"$(inherited)",
					"@executable_path/Frameworks",
				);
				MARKETING_VERSION = 1.0;
				PRODUCT_BUNDLE_IDENTIFIER = "ka.Weather-app-With-api";
				PRODUCT_NAME = "$(TARGET_NAME)";
				SWIFT_EMIT_LOC_STRINGS = YES;
				SWIFT_VERSION = 5.0;
				TARGETED_DEVICE_FAMILY = "1,2";
			};
			name = Debug;
		};
		FA97202F28BCFBEE00FDC39B /* Release */ = {
			isa = XCBuildConfiguration;
			baseConfigurationReference = 31CDDD4471B0551DF8E5567F /* Pods-Weather app With api.release.xcconfig */;
			buildSettings = {
				ASSETCATALOG_COMPILER_APPICON_NAME = AppIcon;
				ASSETCATALOG_COMPILER_GLOBAL_ACCENT_COLOR_NAME = AccentColor;
				CODE_SIGN_STYLE = Automatic;
				CURRENT_PROJECT_VERSION = 1;
				GENERATE_INFOPLIST_FILE = YES;
				INFOPLIST_FILE = "Weather app With api/Info.plist";
				INFOPLIST_KEY_UIApplicationSupportsIndirectInputEvents = YES;
				INFOPLIST_KEY_UILaunchStoryboardName = LaunchScreen;
				INFOPLIST_KEY_UIMainStoryboardFile = Main;
				INFOPLIST_KEY_UISupportedInterfaceOrientations_iPad = "UIInterfaceOrientationPortrait UIInterfaceOrientationPortraitUpsideDown UIInterfaceOrientationLandscapeLeft UIInterfaceOrientationLandscapeRight";
				INFOPLIST_KEY_UISupportedInterfaceOrientations_iPhone = "UIInterfaceOrientationPortrait UIInterfaceOrientationLandscapeLeft UIInterfaceOrientationLandscapeRight";
				LD_RUNPATH_SEARCH_PATHS = (
					"$(inherited)",
					"@executable_path/Frameworks",
				);
				MARKETING_VERSION = 1.0;
				PRODUCT_BUNDLE_IDENTIFIER = "ka.Weather-app-With-api";
				PRODUCT_NAME = "$(TARGET_NAME)";
				SWIFT_EMIT_LOC_STRINGS = YES;
				SWIFT_VERSION = 5.0;
				TARGETED_DEVICE_FAMILY = "1,2";
			};
			name = Release;
		};
/* End XCBuildConfiguration section */

/* Begin XCConfigurationList section */
		FA97201128BCFBEB00FDC39B /* Build configuration list for PBXProject "Weather app With api" */ = {
			isa = XCConfigurationList;
			buildConfigurations = (
				FA97202B28BCFBEE00FDC39B /* Debug */,
				FA97202C28BCFBEE00FDC39B /* Release */,
			);
			defaultConfigurationIsVisible = 0;
			defaultConfigurationName = Release;
		};
		FA97202D28BCFBEE00FDC39B /* Build configuration list for PBXNativeTarget "Weather app With api" */ = {
			isa = XCConfigurationList;
			buildConfigurations = (
				FA97202E28BCFBEE00FDC39B /* Debug */,
				FA97202F28BCFBEE00FDC39B /* Release */,
			);
			defaultConfigurationIsVisible = 0;
			defaultConfigurationName = Release;
		};
/* End XCConfigurationList section */

/* Begin XCVersionGroup section */
		FA97202228BCFBEB00FDC39B /* Weather_app_With_api.xcdatamodeld */ = {
			isa = XCVersionGroup;
			children = (
				FA97202328BCFBEB00FDC39B /* Weather_app_With_api.xcdatamodel */,
			);
			currentVersion = FA97202328BCFBEB00FDC39B /* Weather_app_With_api.xcdatamodel */;
			path = Weather_app_With_api.xcdatamodeld;
			sourceTree = "<group>";
			versionGroupType = wrapper.xcdatamodel;
		};
/* End XCVersionGroup section */
	};
	rootObject = FA97200E28BCFBEB00FDC39B /* Project object */;
}
